
Microsoft Visual Studio Solution File, Format Version 12.00
# Visual Studio Version 16
VisualStudioVersion = 16.0.32228.343
MinimumVisualStudioVersion = 10.0.40219.1
Project("{FAE04EC0-301F-11D3-BF4B-00C04F79EFBC}") = "WebReport", "WebReport\WebReport.csproj", "{282622A8-C4FC-495B-AD6E-A7CA586176CF}"
EndProject
Global
	GlobalSection(SolutionConfigurationPlatforms) = preSolution
		Debug|Any CPU = Debug|Any CPU
		Release|Any CPU = Release|Any CPU
	EndGlobalSection
	GlobalSection(ProjectConfigurationPlatforms) = postSolution
		{282622A8-C4FC-495B-AD6E-A7CA586176CF}.Debug|Any CPU.ActiveCfg = Debug|Any CPU
		{282622A8-C4FC-495B-AD6E-A7CA586176CF}.Debug|Any CPU.Build.0 = Debug|Any CPU
		{282622A8-C4FC-495B-AD6E-A7CA586176CF}.Release|Any CPU.ActiveCfg = Release|Any CPU
		{282622A8-C4FC-495B-AD6E-A7CA586176CF}.Release|Any CPU.Build.0 = Release|Any CPU
	EndGlobalSection
	GlobalSection(SolutionProperties) = preSolution
		HideSolutionNode = FALSE
	EndGlobalSection
	GlobalSection(ExtensibilityGlobals) = postSolution
		SolutionGuid = {946CE5C3-1328-4583-8E94-B3F83BD6F863}
	EndGlobalSection
EndGlobal
